{
  "name": "nmearouter",
  "version": "0.1.7",
  "lockfileVersion": 1,
  "requires": true,
  "dependencies": {
    "chartjs-plugin-zoom": {
      "version": "0.7.3",
      "resolved": "https://registry.npmjs.org/chartjs-plugin-zoom/-/chartjs-plugin-zoom-0.7.3.tgz",
      "integrity": "sha512-y4rFIcxLtMkemxLJa8zFODgNqLZ7IPiZnKtzY1biRZhsaj8C6iwmXfWfmwMeB9sT4C6Mbp5MwMKQvORvdzHHzw==",
      "requires": {
        "hammerjs": "^2.0.8"
      }
    },
    "hammerjs": {
      "version": "2.0.8",
      "resolved": "https://registry.npmjs.org/hammerjs/-/hammerjs-2.0.8.tgz",
      "integrity": "sha1-BO93hiz/K7edMPdpIJWTAiK/YPE="
    }
  }
}
